// !$*UTF8*$!
{
	archiveVersion = 1;
	classes = {
	};
	objectVersion = 56;
	objects = {

/* Begin PBXBuildFile section */
		BDF09F822AE3F58B00324305 /* main.swift in Sources */ = {isa = PBXBuildFile; fileRef = BDF09F812AE3F58B00324305 /* main.swift */; };
		BDF09F842AE3F62500324305 /* CryptoService.swift in Sources */ = {isa = PBXBuildFile; fileRef = BDF09F832AE3F62500324305 /* CryptoService.swift */; };
		BDF09F862AE3F6D800324305 /* CryptoServiceTest.swift in Sources */ = {isa = PBXBuildFile; fileRef = BDF09F852AE3F6D800324305 /* CryptoServiceTest.swift */; };
		BDF09F882AE3FB5B00324305 /* KeyChainService.swift in Sources */ = {isa = PBXBuildFile; fileRef = BDF09F872AE3FB5B00324305 /* KeyChainService.swift */; };
		BDF09F8A2AE3FC0D00324305 /* KeyChainServiceTest.swift in Sources */ = {isa = PBXBuildFile; fileRef = BDF09F892AE3FC0D00324305 /* KeyChainServiceTest.swift */; };
		BDF09F8F2AE4002A00324305 /* KeyChainService.swift in Sources */ = {isa = PBXBuildFile; fileRef = BDF09F872AE3FB5B00324305 /* KeyChainService.swift */; };
		BDF09F902AE4002C00324305 /* CryptoService.swift in Sources */ = {isa = PBXBuildFile; fileRef = BDF09F832AE3F62500324305 /* CryptoService.swift */; };
/* End PBXBuildFile section */

/* Begin PBXContainerItemProxy section */
		BDF09F652AE3F4F300324305 /* PBXContainerItemProxy */ = {
			isa = PBXContainerItemProxy;
			containerPortal = BDF09F4B2AE3F4F200324305 /* Project object */;
			proxyType = 1;
			remoteGlobalIDString = BDF09F522AE3F4F200324305;
			remoteInfo = SecureEnclave;
		};
/* End PBXContainerItemProxy section */

/* Begin PBXFileReference section */
		BDF09F532AE3F4F200324305 /* SecureEnclave.app */ = {isa = PBXFileReference; explicitFileType = wrapper.application; includeInIndex = 0; path = SecureEnclave.app; sourceTree = BUILT_PRODUCTS_DIR; };
		BDF09F5F2AE3F4F300324305 /* SecureEnclave.entitlements */ = {isa = PBXFileReference; lastKnownFileType = text.plist.entitlements; path = SecureEnclave.entitlements; sourceTree = "<group>"; };
		BDF09F642AE3F4F300324305 /* SecureEnclaveTests.xctest */ = {isa = PBXFileReference; explicitFileType = wrapper.cfbundle; includeInIndex = 0; path = SecureEnclaveTests.xctest; sourceTree = BUILT_PRODUCTS_DIR; };
		BDF09F812AE3F58B00324305 /* main.swift */ = {isa = PBXFileReference; lastKnownFileType = sourcecode.swift; path = main.swift; sourceTree = "<group>"; };
		BDF09F832AE3F62500324305 /* CryptoService.swift */ = {isa = PBXFileReference; lastKnownFileType = sourcecode.swift; path = CryptoService.swift; sourceTree = "<group>"; };
		BDF09F852AE3F6D800324305 /* CryptoServiceTest.swift */ = {isa = PBXFileReference; lastKnownFileType = sourcecode.swift; path = CryptoServiceTest.swift; sourceTree = "<group>"; };
		BDF09F872AE3FB5B00324305 /* KeyChainService.swift */ = {isa = PBXFileReference; lastKnownFileType = sourcecode.swift; path = KeyChainService.swift; sourceTree = "<group>"; };
		BDF09F892AE3FC0D00324305 /* KeyChainServiceTest.swift */ = {isa = PBXFileReference; lastKnownFileType = sourcecode.swift; path = KeyChainServiceTest.swift; sourceTree = "<group>"; };
		BDF09F8E2AE3FF7F00324305 /* SecureEnclave.xctestplan */ = {isa = PBXFileReference; lastKnownFileType = text; path = SecureEnclave.xctestplan; sourceTree = "<group>"; };
/* End PBXFileReference section */

/* Begin PBXFrameworksBuildPhase section */
		BDF09F502AE3F4F200324305 /* Frameworks */ = {
			isa = PBXFrameworksBuildPhase;
			buildActionMask = 2147483647;
			files = (
			);
			runOnlyForDeploymentPostprocessing = 0;
		};
		BDF09F612AE3F4F300324305 /* Frameworks */ = {
			isa = PBXFrameworksBuildPhase;
			buildActionMask = 2147483647;
			files = (
			);
			runOnlyForDeploymentPostprocessing = 0;
		};
/* End PBXFrameworksBuildPhase section */

/* Begin PBXGroup section */
		BDF09F4A2AE3F4F200324305 = {
			isa = PBXGroup;
			children = (
				BDF09F8E2AE3FF7F00324305 /* SecureEnclave.xctestplan */,
				BDF09F552AE3F4F200324305 /* SecureEnclave */,
				BDF09F672AE3F4F300324305 /* SecureEnclaveTests */,
				BDF09F542AE3F4F200324305 /* Products */,
			);
			sourceTree = "<group>";
		};
		BDF09F542AE3F4F200324305 /* Products */ = {
			isa = PBXGroup;
			children = (
				BDF09F532AE3F4F200324305 /* SecureEnclave.app */,
				BDF09F642AE3F4F300324305 /* SecureEnclaveTests.xctest */,
			);
			name = Products;
			sourceTree = "<group>";
		};
		BDF09F552AE3F4F200324305 /* SecureEnclave */ = {
			isa = PBXGroup;
			children = (
				BDF09F5F2AE3F4F300324305 /* SecureEnclave.entitlements */,
				BDF09F872AE3FB5B00324305 /* KeyChainService.swift */,
				BDF09F812AE3F58B00324305 /* main.swift */,
				BDF09F832AE3F62500324305 /* CryptoService.swift */,
			);
			path = SecureEnclave;
			sourceTree = "<group>";
		};
		BDF09F672AE3F4F300324305 /* SecureEnclaveTests */ = {
			isa = PBXGroup;
			children = (
				BDF09F852AE3F6D800324305 /* CryptoServiceTest.swift */,
				BDF09F892AE3FC0D00324305 /* KeyChainServiceTest.swift */,
			);
			path = SecureEnclaveTests;
			sourceTree = "<group>";
		};
/* End PBXGroup section */

/* Begin PBXNativeTarget section */
		BDF09F522AE3F4F200324305 /* SecureEnclave */ = {
			isa = PBXNativeTarget;
			buildConfigurationList = BDF09F782AE3F4F300324305 /* Build configuration list for PBXNativeTarget "SecureEnclave" */;
			buildPhases = (
				BDF09F4F2AE3F4F200324305 /* Sources */,
				BDF09F502AE3F4F200324305 /* Frameworks */,
				BDF09F512AE3F4F200324305 /* Resources */,
			);
			buildRules = (
			);
			dependencies = (
			);
			name = SecureEnclave;
			productName = SecureEnclave;
			productReference = BDF09F532AE3F4F200324305 /* SecureEnclave.app */;
			productType = "com.apple.product-type.application";
		};
		BDF09F632AE3F4F300324305 /* SecureEnclaveTests */ = {
			isa = PBXNativeTarget;
			buildConfigurationList = BDF09F7B2AE3F4F300324305 /* Build configuration list for PBXNativeTarget "SecureEnclaveTests" */;
			buildPhases = (
				BDF09F602AE3F4F300324305 /* Sources */,
				BDF09F612AE3F4F300324305 /* Frameworks */,
				BDF09F622AE3F4F300324305 /* Resources */,
			);
			buildRules = (
			);
			dependencies = (
				BDF09F662AE3F4F300324305 /* PBXTargetDependency */,
			);
			name = SecureEnclaveTests;
			productName = SecureEnclaveTests;
			productReference = BDF09F642AE3F4F300324305 /* SecureEnclaveTests.xctest */;
			productType = "com.apple.product-type.bundle.unit-test";
		};
/* End PBXNativeTarget section */

/* Begin PBXProject section */
		BDF09F4B2AE3F4F200324305 /* Project object */ = {
			isa = PBXProject;
			attributes = {
				BuildIndependentTargetsInParallel = 1;
				LastSwiftUpdateCheck = 1500;
				LastUpgradeCheck = 1500;
				TargetAttributes = {
					BDF09F522AE3F4F200324305 = {
						CreatedOnToolsVersion = 15.0;
						LastSwiftMigration = 1500;
					};
					BDF09F632AE3F4F300324305 = {
						CreatedOnToolsVersion = 15.0;
						LastSwiftMigration = 1500;
					};
				};
			};
			buildConfigurationList = BDF09F4E2AE3F4F200324305 /* Build configuration list for PBXProject "SecureEnclave" */;
			compatibilityVersion = "Xcode 14.0";
			developmentRegion = en;
			hasScannedForEncodings = 0;
			knownRegions = (
				en,
				Base,
			);
			mainGroup = BDF09F4A2AE3F4F200324305;
			productRefGroup = BDF09F542AE3F4F200324305 /* Products */;
			projectDirPath = "";
			projectRoot = "";
			targets = (
				BDF09F522AE3F4F200324305 /* SecureEnclave */,
				BDF09F632AE3F4F300324305 /* SecureEnclaveTests */,
			);
		};
/* End PBXProject section */

/* Begin PBXResourcesBuildPhase section */
		BDF09F512AE3F4F200324305 /* Resources */ = {
			isa = PBXResourcesBuildPhase;
			buildActionMask = 2147483647;
			files = (
			);
			runOnlyForDeploymentPostprocessing = 0;
		};
		BDF09F622AE3F4F300324305 /* Resources */ = {
			isa = PBXResourcesBuildPhase;
			buildActionMask = 2147483647;
			files = (
			);
			runOnlyForDeploymentPostprocessing = 0;
		};
/* End PBXResourcesBuildPhase section */

/* Begin PBXSourcesBuildPhase section */
		BDF09F4F2AE3F4F200324305 /* Sources */ = {
			isa = PBXSourcesBuildPhase;
			buildActionMask = 2147483647;
			files = (
				BDF09F882AE3FB5B00324305 /* KeyChainService.swift in Sources */,
				BDF09F842AE3F62500324305 /* CryptoService.swift in Sources */,
				BDF09F822AE3F58B00324305 /* main.swift in Sources */,
			);
			runOnlyForDeploymentPostprocessing = 0;
		};
		BDF09F602AE3F4F300324305 /* Sources */ = {
			isa = PBXSourcesBuildPhase;
			buildActionMask = 2147483647;
			files = (
				BDF09F902AE4002C00324305 /* CryptoService.swift in Sources */,
				BDF09F8F2AE4002A00324305 /* KeyChainService.swift in Sources */,
				BDF09F862AE3F6D800324305 /* CryptoServiceTest.swift in Sources */,
				BDF09F8A2AE3FC0D00324305 /* KeyChainServiceTest.swift in Sources */,
			);
			runOnlyForDeploymentPostprocessing = 0;
		};
/* End PBXSourcesBuildPhase section */

/* Begin PBXTargetDependency section */
		BDF09F662AE3F4F300324305 /* PBXTargetDependency */ = {
			isa = PBXTargetDependency;
			target = BDF09F522AE3F4F200324305 /* SecureEnclave */;
			targetProxy = BDF09F652AE3F4F300324305 /* PBXContainerItemProxy */;
		};
/* End PBXTargetDependency section */

/* Begin XCBuildConfiguration section */
		BDF09F762AE3F4F300324305 /* Debug */ = {
			isa = XCBuildConfiguration;
			buildSettings = {
				ALWAYS_SEARCH_USER_PATHS = NO;
				ASSETCATALOG_COMPILER_GENERATE_SWIFT_ASSET_SYMBOL_EXTENSIONS = YES;
				CLANG_ANALYZER_NONNULL = YES;
				CLANG_ANALYZER_NUMBER_OBJECT_CONVERSION = YES_AGGRESSIVE;
				CLANG_CXX_LANGUAGE_STANDARD = "gnu++20";
				CLANG_ENABLE_MODULES = YES;
				CLANG_ENABLE_OBJC_ARC = YES;
				CLANG_ENABLE_OBJC_WEAK = YES;
				CLANG_WARN_BLOCK_CAPTURE_AUTORELEASING = YES;
				CLANG_WARN_BOOL_CONVERSION = YES;
				CLANG_WARN_COMMA = YES;
				CLANG_WARN_CONSTANT_CONVERSION = YES;
				CLANG_WARN_DEPRECATED_OBJC_IMPLEMENTATIONS = YES;
				CLANG_WARN_DIRECT_OBJC_ISA_USAGE = YES_ERROR;
				CLANG_WARN_DOCUMENTATION_COMMENTS = YES;
				CLANG_WARN_EMPTY_BODY = YES;
				CLANG_WARN_ENUM_CONVERSION = YES;
				CLANG_WARN_INFINITE_RECURSION = YES;
				CLANG_WARN_INT_CONVERSION = YES;
				CLANG_WARN_NON_LITERAL_NULL_CONVERSION = YES;
				CLANG_WARN_OBJC_IMPLICIT_RETAIN_SELF = YES;
				CLANG_WARN_OBJC_LITERAL_CONVERSION = YES;
				CLANG_WARN_OBJC_ROOT_CLASS = YES_ERROR;
				CLANG_WARN_QUOTED_INCLUDE_IN_FRAMEWORK_HEADER = YES;
				CLANG_WARN_RANGE_LOOP_ANALYSIS = YES;
				CLANG_WARN_STRICT_PROTOTYPES = YES;
				CLANG_WARN_SUSPICIOUS_MOVE = YES;
				CLANG_WARN_UNGUARDED_AVAILABILITY = YES_AGGRESSIVE;
				CLANG_WARN_UNREACHABLE_CODE = YES;
				CLANG_WARN__DUPLICATE_METHOD_MATCH = YES;
				COPY_PHASE_STRIP = NO;
				DEBUG_INFORMATION_FORMAT = dwarf;
				ENABLE_STRICT_OBJC_MSGSEND = YES;
				ENABLE_TESTABILITY = YES;
				ENABLE_USER_SCRIPT_SANDBOXING = YES;
				GCC_C_LANGUAGE_STANDARD = gnu17;
				GCC_DYNAMIC_NO_PIC = NO;
				GCC_NO_COMMON_BLOCKS = YES;
				GCC_OPTIMIZATION_LEVEL = 0;
				GCC_PREPROCESSOR_DEFINITIONS = (
					"DEBUG=1",
					"$(inherited)",
				);
				GCC_WARN_64_TO_32_BIT_CONVERSION = YES;
				GCC_WARN_ABOUT_RETURN_TYPE = YES_ERROR;
				GCC_WARN_UNDECLARED_SELECTOR = YES;
				GCC_WARN_UNINITIALIZED_AUTOS = YES_AGGRESSIVE;
				GCC_WARN_UNUSED_FUNCTION = YES;
				GCC_WARN_UNUSED_VARIABLE = YES;
				LOCALIZATION_PREFERS_STRING_CATALOGS = YES;
				MACOSX_DEPLOYMENT_TARGET = 14.0;
				MTL_ENABLE_DEBUG_INFO = INCLUDE_SOURCE;
				MTL_FAST_MATH = YES;
				ONLY_ACTIVE_ARCH = YES;
				SDKROOT = macosx;
				SWIFT_ACTIVE_COMPILATION_CONDITIONS = "DEBUG $(inherited)";
				SWIFT_OPTIMIZATION_LEVEL = "-Onone";
			};
			name = Debug;
		};
		BDF09F772AE3F4F300324305 /* Release */ = {
			isa = XCBuildConfiguration;
			buildSettings = {
				ALWAYS_SEARCH_USER_PATHS = NO;
				ASSETCATALOG_COMPILER_GENERATE_SWIFT_ASSET_SYMBOL_EXTENSIONS = YES;
				CLANG_ANALYZER_NONNULL = YES;
				CLANG_ANALYZER_NUMBER_OBJECT_CONVERSION = YES_AGGRESSIVE;
				CLANG_CXX_LANGUAGE_STANDARD = "gnu++20";
				CLANG_ENABLE_MODULES = YES;
				CLANG_ENABLE_OBJC_ARC = YES;
				CLANG_ENABLE_OBJC_WEAK = YES;
				CLANG_WARN_BLOCK_CAPTURE_AUTORELEASING = YES;
				CLANG_WARN_BOOL_CONVERSION = YES;
				CLANG_WARN_COMMA = YES;
				CLANG_WARN_CONSTANT_CONVERSION = YES;
				CLANG_WARN_DEPRECATED_OBJC_IMPLEMENTATIONS = YES;
				CLANG_WARN_DIRECT_OBJC_ISA_USAGE = YES_ERROR;
				CLANG_WARN_DOCUMENTATION_COMMENTS = YES;
				CLANG_WARN_EMPTY_BODY = YES;
				CLANG_WARN_ENUM_CONVERSION = YES;
				CLANG_WARN_INFINITE_RECURSION = YES;
				CLANG_WARN_INT_CONVERSION = YES;
				CLANG_WARN_NON_LITERAL_NULL_CONVERSION = YES;
				CLANG_WARN_OBJC_IMPLICIT_RETAIN_SELF = YES;
				CLANG_WARN_OBJC_LITERAL_CONVERSION = YES;
				CLANG_WARN_OBJC_ROOT_CLASS = YES_ERROR;
				CLANG_WARN_QUOTED_INCLUDE_IN_FRAMEWORK_HEADER = YES;
				CLANG_WARN_RANGE_LOOP_ANALYSIS = YES;
				CLANG_WARN_STRICT_PROTOTYPES = YES;
				CLANG_WARN_SUSPICIOUS_MOVE = YES;
				CLANG_WARN_UNGUARDED_AVAILABILITY = YES_AGGRESSIVE;
				CLANG_WARN_UNREACHABLE_CODE = YES;
				CLANG_WARN__DUPLICATE_METHOD_MATCH = YES;
				COPY_PHASE_STRIP = NO;
				DEBUG_INFORMATION_FORMAT = "dwarf-with-dsym";
				ENABLE_NS_ASSERTIONS = NO;
				ENABLE_STRICT_OBJC_MSGSEND = YES;
				ENABLE_USER_SCRIPT_SANDBOXING = YES;
				GCC_C_LANGUAGE_STANDARD = gnu17;
				GCC_NO_COMMON_BLOCKS = YES;
				GCC_WARN_64_TO_32_BIT_CONVERSION = YES;
				GCC_WARN_ABOUT_RETURN_TYPE = YES_ERROR;
				GCC_WARN_UNDECLARED_SELECTOR = YES;
				GCC_WARN_UNINITIALIZED_AUTOS = YES_AGGRESSIVE;
				GCC_WARN_UNUSED_FUNCTION = YES;
				GCC_WARN_UNUSED_VARIABLE = YES;
				LOCALIZATION_PREFERS_STRING_CATALOGS = YES;
				MACOSX_DEPLOYMENT_TARGET = 14.0;
				MTL_ENABLE_DEBUG_INFO = NO;
				MTL_FAST_MATH = YES;
				SDKROOT = macosx;
				SWIFT_COMPILATION_MODE = wholemodule;
			};
			name = Release;
		};
		BDF09F792AE3F4F300324305 /* Debug */ = {
			isa = XCBuildConfiguration;
			buildSettings = {
				ASSETCATALOG_COMPILER_GLOBAL_ACCENT_COLOR_NAME = AccentColor;
				CLANG_ENABLE_MODULES = YES;
				CODE_SIGN_ENTITLEMENTS = SecureEnclave/SecureEnclave.entitlements;
				CODE_SIGN_STYLE = Automatic;
				COMBINE_HIDPI_IMAGES = YES;
				CURRENT_PROJECT_VERSION = 1;
				DEVELOPMENT_TEAM = BFZ97J85L8;
				ENABLE_HARDENED_RUNTIME = YES;
				GENERATE_INFOPLIST_FILE = YES;
				INFOPLIST_KEY_NSHumanReadableCopyright = "";
				INFOPLIST_KEY_NSMainStoryboardFile = Main;
				INFOPLIST_KEY_NSPrincipalClass = NSApplication;
				LD_RUNPATH_SEARCH_PATHS = (
					"$(inherited)",
					"@executable_path/../Frameworks",
				);
				MARKETING_VERSION = 1.0;
				PRODUCT_BUNDLE_IDENTIFIER = com.domo.SecureEnclave;
				PRODUCT_NAME = "$(TARGET_NAME)";
				SWIFT_EMIT_LOC_STRINGS = YES;
				SWIFT_OPTIMIZATION_LEVEL = "-Onone";
				SWIFT_VERSION = 5.0;
			};
			name = Debug;
		};
		BDF09F7A2AE3F4F300324305 /* Release */ = {
			isa = XCBuildConfiguration;
			buildSettings = {
				ASSETCATALOG_COMPILER_GLOBAL_ACCENT_COLOR_NAME = AccentColor;
				CLANG_ENABLE_MODULES = YES;
				CODE_SIGN_ENTITLEMENTS = SecureEnclave/SecureEnclave.entitlements;
				CODE_SIGN_STYLE = Automatic;
				COMBINE_HIDPI_IMAGES = YES;
				CURRENT_PROJECT_VERSION = 1;
				DEVELOPMENT_TEAM = BFZ97J85L8;
				ENABLE_HARDENED_RUNTIME = YES;
				GENERATE_INFOPLIST_FILE = YES;
				INFOPLIST_KEY_NSHumanReadableCopyright = "";
				INFOPLIST_KEY_NSMainStoryboardFile = Main;
				INFOPLIST_KEY_NSPrincipalClass = NSApplication;
				LD_RUNPATH_SEARCH_PATHS = (
					"$(inherited)",
					"@executable_path/../Frameworks",
				);
				MARKETING_VERSION = 1.0;
				PRODUCT_BUNDLE_IDENTIFIER = com.domo.SecureEnclave;
				PRODUCT_NAME = "$(TARGET_NAME)";
				SWIFT_EMIT_LOC_STRINGS = YES;
				SWIFT_VERSION = 5.0;
			};
			name = Release;
		};
		BDF09F7C2AE3F4F300324305 /* Debug */ = {
			isa = XCBuildConfiguration;
			buildSettings = {
				ALWAYS_EMBED_SWIFT_STANDARD_LIBRARIES = YES;
				CLANG_ENABLE_MODULES = YES;
				CODE_SIGN_STYLE = Automatic;
				CURRENT_PROJECT_VERSION = 1;
				DEVELOPMENT_TEAM = BFZ97J85L8;
				GENERATE_INFOPLIST_FILE = YES;
				MACOSX_DEPLOYMENT_TARGET = 14.0;
				MARKETING_VERSION = 1.0;
				PRODUCT_BUNDLE_IDENTIFIER = com.domo.SecureEnclaveTests;
				PRODUCT_NAME = "$(TARGET_NAME)";
				SWIFT_EMIT_LOC_STRINGS = NO;
				SWIFT_OPTIMIZATION_LEVEL = "-Onone";
				SWIFT_VERSION = 5.0;
			};
			name = Debug;
		};
		BDF09F7D2AE3F4F300324305 /* Release */ = {
			isa = XCBuildConfiguration;
			buildSettings = {
				ALWAYS_EMBED_SWIFT_STANDARD_LIBRARIES = YES;
				CLANG_ENABLE_MODULES = YES;
				CODE_SIGN_STYLE = Automatic;
				CURRENT_PROJECT_VERSION = 1;
				DEVELOPMENT_TEAM = BFZ97J85L8;
				GENERATE_INFOPLIST_FILE = YES;
				MACOSX_DEPLOYMENT_TARGET = 14.0;
				MARKETING_VERSION = 1.0;
				PRODUCT_BUNDLE_IDENTIFIER = com.domo.SecureEnclaveTests;
				PRODUCT_NAME = "$(TARGET_NAME)";
				SWIFT_EMIT_LOC_STRINGS = NO;
				SWIFT_VERSION = 5.0;
			};
			name = Release;
		};
/* End XCBuildConfiguration section */

/* Begin XCConfigurationList section */
		BDF09F4E2AE3F4F200324305 /* Build configuration list for PBXProject "SecureEnclave" */ = {
			isa = XCConfigurationList;
			buildConfigurations = (
				BDF09F762AE3F4F300324305 /* Debug */,
				BDF09F772AE3F4F300324305 /* Release */,
			);
			defaultConfigurationIsVisible = 0;
			defaultConfigurationName = Release;
		};
		BDF09F782AE3F4F300324305 /* Build configuration list for PBXNativeTarget "SecureEnclave" */ = {
			isa = XCConfigurationList;
			buildConfigurations = (
				BDF09F792AE3F4F300324305 /* Debug */,
				BDF09F7A2AE3F4F300324305 /* Release */,
			);
			defaultConfigurationIsVisible = 0;
			defaultConfigurationName = Release;
		};
		BDF09F7B2AE3F4F300324305 /* Build configuration list for PBXNativeTarget "SecureEnclaveTests" */ = {
			isa = XCConfigurationList;
			buildConfigurations = (
				BDF09F7C2AE3F4F300324305 /* Debug */,
				BDF09F7D2AE3F4F300324305 /* Release */,
			);
			defaultConfigurationIsVisible = 0;
			defaultConfigurationName = Release;
		};
/* End XCConfigurationList section */
	};
	rootObject = BDF09F4B2AE3F4F200324305 /* Project object */;
}
